
Microsoft Visual Studio Solution File, Format Version 12.00
# Visual Studio 15
VisualStudioVersion = 15.0.27428.2005
MinimumVisualStudioVersion = 10.0.40219.1
Project("{9A19103F-16F7-4668-BE54-9A1E7A4F7556}") = "DaycareProject", "DaycareProject\DaycareProject.csproj", "{041225DA-640E-4F06-8FDB-651966B0A281}"
EndProject
Global
	GlobalSection(SolutionConfigurationPlatforms) = preSolution
		Debug|Any CPU = Debug|Any CPU
		Release|Any CPU = Release|Any CPU
	EndGlobalSection
	GlobalSection(ProjectConfigurationPlatforms) = postSolution
		{041225DA-640E-4F06-8FDB-651966B0A281}.Debug|Any CPU.ActiveCfg = Debug|Any CPU
		{041225DA-640E-4F06-8FDB-651966B0A281}.Debug|Any CPU.Build.0 = Debug|Any CPU
		{041225DA-640E-4F06-8FDB-651966B0A281}.Release|Any CPU.ActiveCfg = Release|Any CPU
		{041225DA-640E-4F06-8FDB-651966B0A281}.Release|Any CPU.Build.0 = Release|Any CPU
	EndGlobalSection
	GlobalSection(SolutionProperties) = preSolution
		HideSolutionNode = FALSE
	EndGlobalSection
	GlobalSection(ExtensibilityGlobals) = postSolution
		SolutionGuid = {701E42E2-AF1A-46CD-BD98-9CD2EE48082B}
	EndGlobalSection
EndGlobal
